
Microsoft Visual Studio Solution File, Format Version 12.00
Project("{FAE04EC0-301F-11D3-BF4B-00C04F79EFBC}") = "Squid.Prism.Engine.Core", "src\Squid.Prism.Engine.Core\Squid.Prism.Engine.Core.csproj", "{6C6F2508-F5D6-4931-9583-E8CFE58F156B}"
EndProject
Project("{FAE04EC0-301F-11D3-BF4B-00C04F79EFBC}") = "Squid.Prism.Network", "src\Squid.Prism.Network\Squid.Prism.Network.csproj", "{9AFE98B7-2BC7-4E58-9412-3B44258C2A61}"
EndProject
Project("{FAE04EC0-301F-11D3-BF4B-00C04F79EFBC}") = "Squid.Prism.Engine.Tests", "tests\Squid.Prism.Engine.Tests\Squid.Prism.Engine.Tests.csproj", "{A528719F-C0A1-425A-97B9-F582357A8129}"
EndProject
Project("{FAE04EC0-301F-11D3-BF4B-00C04F79EFBC}") = "Squid.Prism.Network.Server", "src\Squid.Prism.Network.Server\Squid.Prism.Network.Server.csproj", "{AD65C0AE-8AC0-4CCF-B7F1-4AEB1AACB6C1}"
EndProject
Project("{FAE04EC0-301F-11D3-BF4B-00C04F79EFBC}") = "Squid.Prism.Server.Engine", "src\Squid.Prism.Server.Engine\Squid.Prism.Server.Engine.csproj", "{CAF77033-0847-4A4B-9736-705FCB1BF59B}"
EndProject
Project("{FAE04EC0-301F-11D3-BF4B-00C04F79EFBC}") = "Squid.Prism.Server.Core", "src\Squid.Prism.Server.Core\Squid.Prism.Server.Core.csproj", "{E6BC1D78-2227-4CBD-A543-21DB6FBDD1D2}"
EndProject
Project("{FAE04EC0-301F-11D3-BF4B-00C04F79EFBC}") = "Squid.Prism.Engine.Runner", "src\Squid.Prism.Engine.Runner\Squid.Prism.Engine.Runner.csproj", "{22BB31FA-B068-4C25-BC47-E7069D1E5D63}"
EndProject
Project("{FAE04EC0-301F-11D3-BF4B-00C04F79EFBC}") = "Squid.Prism.Network.Client", "src\Squid.Prism.Network.Client\Squid.Prism.Network.Client.csproj", "{CA98C37F-0CA2-4ADA-890A-B76A05C218CE}"
EndProject
Global
	GlobalSection(SolutionConfigurationPlatforms) = preSolution
		Debug|Any CPU = Debug|Any CPU
		Release|Any CPU = Release|Any CPU
	EndGlobalSection
	GlobalSection(ProjectConfigurationPlatforms) = postSolution
		{6C6F2508-F5D6-4931-9583-E8CFE58F156B}.Debug|Any CPU.ActiveCfg = Debug|Any CPU
		{6C6F2508-F5D6-4931-9583-E8CFE58F156B}.Debug|Any CPU.Build.0 = Debug|Any CPU
		{6C6F2508-F5D6-4931-9583-E8CFE58F156B}.Release|Any CPU.ActiveCfg = Release|Any CPU
		{6C6F2508-F5D6-4931-9583-E8CFE58F156B}.Release|Any CPU.Build.0 = Release|Any CPU
		{9AFE98B7-2BC7-4E58-9412-3B44258C2A61}.Debug|Any CPU.ActiveCfg = Debug|Any CPU
		{9AFE98B7-2BC7-4E58-9412-3B44258C2A61}.Debug|Any CPU.Build.0 = Debug|Any CPU
		{9AFE98B7-2BC7-4E58-9412-3B44258C2A61}.Release|Any CPU.ActiveCfg = Release|Any CPU
		{9AFE98B7-2BC7-4E58-9412-3B44258C2A61}.Release|Any CPU.Build.0 = Release|Any CPU
		{A528719F-C0A1-425A-97B9-F582357A8129}.Debug|Any CPU.ActiveCfg = Debug|Any CPU
		{A528719F-C0A1-425A-97B9-F582357A8129}.Debug|Any CPU.Build.0 = Debug|Any CPU
		{A528719F-C0A1-425A-97B9-F582357A8129}.Release|Any CPU.ActiveCfg = Release|Any CPU
		{A528719F-C0A1-425A-97B9-F582357A8129}.Release|Any CPU.Build.0 = Release|Any CPU
		{AD65C0AE-8AC0-4CCF-B7F1-4AEB1AACB6C1}.Debug|Any CPU.ActiveCfg = Debug|Any CPU
		{AD65C0AE-8AC0-4CCF-B7F1-4AEB1AACB6C1}.Debug|Any CPU.Build.0 = Debug|Any CPU
		{AD65C0AE-8AC0-4CCF-B7F1-4AEB1AACB6C1}.Release|Any CPU.ActiveCfg = Release|Any CPU
		{AD65C0AE-8AC0-4CCF-B7F1-4AEB1AACB6C1}.Release|Any CPU.Build.0 = Release|Any CPU
		{CAF77033-0847-4A4B-9736-705FCB1BF59B}.Debug|Any CPU.ActiveCfg = Debug|Any CPU
		{CAF77033-0847-4A4B-9736-705FCB1BF59B}.Debug|Any CPU.Build.0 = Debug|Any CPU
		{CAF77033-0847-4A4B-9736-705FCB1BF59B}.Release|Any CPU.ActiveCfg = Release|Any CPU
		{CAF77033-0847-4A4B-9736-705FCB1BF59B}.Release|Any CPU.Build.0 = Release|Any CPU
		{E6BC1D78-2227-4CBD-A543-21DB6FBDD1D2}.Debug|Any CPU.ActiveCfg = Debug|Any CPU
		{E6BC1D78-2227-4CBD-A543-21DB6FBDD1D2}.Debug|Any CPU.Build.0 = Debug|Any CPU
		{E6BC1D78-2227-4CBD-A543-21DB6FBDD1D2}.Release|Any CPU.ActiveCfg = Release|Any CPU
		{E6BC1D78-2227-4CBD-A543-21DB6FBDD1D2}.Release|Any CPU.Build.0 = Release|Any CPU
		{22BB31FA-B068-4C25-BC47-E7069D1E5D63}.Debug|Any CPU.ActiveCfg = Debug|Any CPU
		{22BB31FA-B068-4C25-BC47-E7069D1E5D63}.Debug|Any CPU.Build.0 = Debug|Any CPU
		{22BB31FA-B068-4C25-BC47-E7069D1E5D63}.Release|Any CPU.ActiveCfg = Release|Any CPU
		{22BB31FA-B068-4C25-BC47-E7069D1E5D63}.Release|Any CPU.Build.0 = Release|Any CPU
		{CA98C37F-0CA2-4ADA-890A-B76A05C218CE}.Debug|Any CPU.ActiveCfg = Debug|Any CPU
		{CA98C37F-0CA2-4ADA-890A-B76A05C218CE}.Debug|Any CPU.Build.0 = Debug|Any CPU
		{CA98C37F-0CA2-4ADA-890A-B76A05C218CE}.Release|Any CPU.ActiveCfg = Release|Any CPU
		{CA98C37F-0CA2-4ADA-890A-B76A05C218CE}.Release|Any CPU.Build.0 = Release|Any CPU
	EndGlobalSection
EndGlobal
